
Microsoft Visual Studio Solution File, Format Version 12.00
# Visual Studio Version 17
VisualStudioVersion = 17.13.35825.156
MinimumVisualStudioVersion = 10.0.40219.1
Project("{FAE04EC0-301F-11D3-BF4B-00C04F79EFBC}") = "WalletLibrary", "WalletLibrary\WalletLibrary.csproj", "{ABAA670D-CFE4-486B-8CA4-760D605EF981}"
EndProject
Project("{FAE04EC0-301F-11D3-BF4B-00C04F79EFBC}") = "GoogleWalletApi", "GoogleWalletApi\GoogleWalletApi.csproj", "{26277041-6B39-474D-980F-9CD34A4A40A5}"
EndProject
Global
	GlobalSection(SolutionConfigurationPlatforms) = preSolution
		Debug|Any CPU = Debug|Any CPU
		Release|Any CPU = Release|Any CPU
	EndGlobalSection
	GlobalSection(ProjectConfigurationPlatforms) = postSolution
		{ABAA670D-CFE4-486B-8CA4-760D605EF981}.Debug|Any CPU.ActiveCfg = Debug|Any CPU
		{ABAA670D-CFE4-486B-8CA4-760D605EF981}.Debug|Any CPU.Build.0 = Debug|Any CPU
		{ABAA670D-CFE4-486B-8CA4-760D605EF981}.Release|Any CPU.ActiveCfg = Release|Any CPU
		{ABAA670D-CFE4-486B-8CA4-760D605EF981}.Release|Any CPU.Build.0 = Release|Any CPU
		{26277041-6B39-474D-980F-9CD34A4A40A5}.Debug|Any CPU.ActiveCfg = Debug|Any CPU
		{26277041-6B39-474D-980F-9CD34A4A40A5}.Debug|Any CPU.Build.0 = Debug|Any CPU
		{26277041-6B39-474D-980F-9CD34A4A40A5}.Release|Any CPU.ActiveCfg = Release|Any CPU
		{26277041-6B39-474D-980F-9CD34A4A40A5}.Release|Any CPU.Build.0 = Release|Any CPU
	EndGlobalSection
	GlobalSection(SolutionProperties) = preSolution
		HideSolutionNode = FALSE
	EndGlobalSection
	GlobalSection(ExtensibilityGlobals) = postSolution
		SolutionGuid = {08E933CE-B4C3-4C6C-AD9E-08841972915F}
	EndGlobalSection
EndGlobal
